
Microsoft Visual Studio Solution File, Format Version 12.00
# Visual Studio Version 17
VisualStudioVersion = 17.0.31903.59
MinimumVisualStudioVersion = 10.0.40219.1
Project("{FAE04EC0-301F-11D3-BF4B-00C04F79EFBC}") = "CIPLATFORM_SKILL_PM", "CIPLATFORM_SKILL_PM\CIPLATFORM_SKILL_PM.csproj", "{6F33DC28-54DF-4E02-95D9-E0637366A0C8}"
EndProject
Project("{FAE04EC0-301F-11D3-BF4B-00C04F79EFBC}") = "CIPLATFORM_SKILL_PM.Models", "CIPLATFORM_SKILL_PM.Models\CIPLATFORM_SKILL_PM.Models.csproj", "{6DED1F87-02A5-4186-B5E0-6AD8FCDDE2A4}"
EndProject
Project("{FAE04EC0-301F-11D3-BF4B-00C04F79EFBC}") = "CIPLATFORM_SKILL_PM.Repository", "CIPLATFORM_SKILL_PM.Repository\CIPLATFORM_SKILL_PM.Repository.csproj", "{62274ED6-EDAC-4D9B-8224-865DDF9EB820}"
EndProject
Project("{FAE04EC0-301F-11D3-BF4B-00C04F79EFBC}") = "CIPLATFORM_SKILL_PM.Services", "CIPLATFORM_SKILL_PM.Services\CIPLATFORM_SKILL_PM.Services.csproj", "{2D06CB2E-E4B1-4E06-BDB8-AC949247F06F}"
EndProject
Global
	GlobalSection(SolutionConfigurationPlatforms) = preSolution
		Debug|Any CPU = Debug|Any CPU
		Release|Any CPU = Release|Any CPU
	EndGlobalSection
	GlobalSection(ProjectConfigurationPlatforms) = postSolution
		{6F33DC28-54DF-4E02-95D9-E0637366A0C8}.Debug|Any CPU.ActiveCfg = Debug|Any CPU
		{6F33DC28-54DF-4E02-95D9-E0637366A0C8}.Debug|Any CPU.Build.0 = Debug|Any CPU
		{6F33DC28-54DF-4E02-95D9-E0637366A0C8}.Release|Any CPU.ActiveCfg = Release|Any CPU
		{6F33DC28-54DF-4E02-95D9-E0637366A0C8}.Release|Any CPU.Build.0 = Release|Any CPU
		{6DED1F87-02A5-4186-B5E0-6AD8FCDDE2A4}.Debug|Any CPU.ActiveCfg = Debug|Any CPU
		{6DED1F87-02A5-4186-B5E0-6AD8FCDDE2A4}.Debug|Any CPU.Build.0 = Debug|Any CPU
		{6DED1F87-02A5-4186-B5E0-6AD8FCDDE2A4}.Release|Any CPU.ActiveCfg = Release|Any CPU
		{6DED1F87-02A5-4186-B5E0-6AD8FCDDE2A4}.Release|Any CPU.Build.0 = Release|Any CPU
		{62274ED6-EDAC-4D9B-8224-865DDF9EB820}.Debug|Any CPU.ActiveCfg = Debug|Any CPU
		{62274ED6-EDAC-4D9B-8224-865DDF9EB820}.Debug|Any CPU.Build.0 = Debug|Any CPU
		{62274ED6-EDAC-4D9B-8224-865DDF9EB820}.Release|Any CPU.ActiveCfg = Release|Any CPU
		{62274ED6-EDAC-4D9B-8224-865DDF9EB820}.Release|Any CPU.Build.0 = Release|Any CPU
		{2D06CB2E-E4B1-4E06-BDB8-AC949247F06F}.Debug|Any CPU.ActiveCfg = Debug|Any CPU
		{2D06CB2E-E4B1-4E06-BDB8-AC949247F06F}.Debug|Any CPU.Build.0 = Debug|Any CPU
		{2D06CB2E-E4B1-4E06-BDB8-AC949247F06F}.Release|Any CPU.ActiveCfg = Release|Any CPU
		{2D06CB2E-E4B1-4E06-BDB8-AC949247F06F}.Release|Any CPU.Build.0 = Release|Any CPU
	EndGlobalSection
	GlobalSection(SolutionProperties) = preSolution
		HideSolutionNode = FALSE
	EndGlobalSection
	GlobalSection(ExtensibilityGlobals) = postSolution
		SolutionGuid = {B373AA2B-51FC-4222-AC9A-8BC9762689AB}
	EndGlobalSection
EndGlobal
